{
  "projects": [
    {
      "projectId": "nF8VRWmCMCahk52HKkYX83",
      "version": "latest",
      "dependencies": {},
      "lang": "ts",
      "fileLocks": [
        {
          "type": "globalVariant",
          "assetId": "6fbclmhAeh",
          "checksum": "939230d1163879a68e5954fedcb9b746"
        },
        {
          "type": "renderModule",
          "assetId": "aryyCcdROR",
          "checksum": "a2d60dd3cf5d7603c8d29f0f64535c37"
        },
        {
          "type": "cssRules",
          "assetId": "aryyCcdROR",
          "checksum": "a2d60dd3cf5d7603c8d29f0f64535c37"
        },
        {
          "type": "renderModule",
          "assetId": "-_cVqM2CZ3",
          "checksum": "30daaf1f560086a0eb622112684a5b02"
        },
        {
          "type": "cssRules",
          "assetId": "-_cVqM2CZ3",
          "checksum": "30daaf1f560086a0eb622112684a5b02"
        },
        {
          "assetId": "nF8VRWmCMCahk52HKkYX83",
          "type": "projectCss",
          "checksum": "7754b70284acd4a9a640dbf696841bd9"
        }
      ]
    }
  ],
  "cliVersion": "0.1.161"
}
